
Microsoft Visual Studio Solution File, Format Version 12.00
# Visual Studio Version 16
VisualStudioVersion = 16.0.29728.190
MinimumVisualStudioVersion = 10.0.40219.1
Project("{FAE04EC0-301F-11D3-BF4B-00C04F79EFBC}") = "RandomQuotesGenerator", "RandomQuotesGenerator.csproj", "{BEAF7056-8310-4813-BD51-178A6C1EAE59}"
EndProject
Project("{FAE04EC0-301F-11D3-BF4B-00C04F79EFBC}") = "RandomQuotesGenerator.Retriever", "..\RandomQuotesGenerator.Retriever\RandomQuotesGenerator.Retriever.csproj", "{FE82186F-6D72-4156-8B71-39D2F07FDE66}"
EndProject
Project("{00D1A9C2-B5F0-4AF3-8072-F6C62B433612}") = "RandomQuotesGenerator.Database", "..\RandomQuotesGenerator.Database\RandomQuotesGenerator.Database.sqlproj", "{9FBA4AA2-B6E6-411D-BB18-BADDDC75CB7E}"
EndProject
Global
	GlobalSection(SolutionConfigurationPlatforms) = preSolution
		Debug|Any CPU = Debug|Any CPU
		Release|Any CPU = Release|Any CPU
	EndGlobalSection
	GlobalSection(ProjectConfigurationPlatforms) = postSolution
		{BEAF7056-8310-4813-BD51-178A6C1EAE59}.Debug|Any CPU.ActiveCfg = Debug|Any CPU
		{BEAF7056-8310-4813-BD51-178A6C1EAE59}.Debug|Any CPU.Build.0 = Debug|Any CPU
		{BEAF7056-8310-4813-BD51-178A6C1EAE59}.Release|Any CPU.ActiveCfg = Release|Any CPU
		{BEAF7056-8310-4813-BD51-178A6C1EAE59}.Release|Any CPU.Build.0 = Release|Any CPU
		{FE82186F-6D72-4156-8B71-39D2F07FDE66}.Debug|Any CPU.ActiveCfg = Debug|Any CPU
		{FE82186F-6D72-4156-8B71-39D2F07FDE66}.Debug|Any CPU.Build.0 = Debug|Any CPU
		{FE82186F-6D72-4156-8B71-39D2F07FDE66}.Release|Any CPU.ActiveCfg = Release|Any CPU
		{FE82186F-6D72-4156-8B71-39D2F07FDE66}.Release|Any CPU.Build.0 = Release|Any CPU
		{9FBA4AA2-B6E6-411D-BB18-BADDDC75CB7E}.Debug|Any CPU.ActiveCfg = Debug|Any CPU
		{9FBA4AA2-B6E6-411D-BB18-BADDDC75CB7E}.Debug|Any CPU.Build.0 = Debug|Any CPU
		{9FBA4AA2-B6E6-411D-BB18-BADDDC75CB7E}.Debug|Any CPU.Deploy.0 = Debug|Any CPU
		{9FBA4AA2-B6E6-411D-BB18-BADDDC75CB7E}.Release|Any CPU.ActiveCfg = Release|Any CPU
		{9FBA4AA2-B6E6-411D-BB18-BADDDC75CB7E}.Release|Any CPU.Build.0 = Release|Any CPU
		{9FBA4AA2-B6E6-411D-BB18-BADDDC75CB7E}.Release|Any CPU.Deploy.0 = Release|Any CPU
	EndGlobalSection
	GlobalSection(SolutionProperties) = preSolution
		HideSolutionNode = FALSE
	EndGlobalSection
	GlobalSection(ExtensibilityGlobals) = postSolution
		SolutionGuid = {53267AA6-99B5-4465-81BA-CF557FB0D519}
	EndGlobalSection
EndGlobal
